
Microsoft Visual Studio Solution File, Format Version 12.00
# Visual Studio Version 17
VisualStudioVersion = 17.7.34031.279
MinimumVisualStudioVersion = 10.0.40219.1
Project("{9A19103F-16F7-4668-BE54-9A1E7A4F7556}") = "Grid", "Grid\Grid.csproj", "{77134930-E845-453E-9AAB-B195B370535B}"
EndProject
Global
	GlobalSection(SolutionConfigurationPlatforms) = preSolution
		Debug|Any CPU = Debug|Any CPU
		Release|Any CPU = Release|Any CPU
	EndGlobalSection
	GlobalSection(ProjectConfigurationPlatforms) = postSolution
		{77134930-E845-453E-9AAB-B195B370535B}.Debug|Any CPU.ActiveCfg = Debug|Any CPU
		{77134930-E845-453E-9AAB-B195B370535B}.Debug|Any CPU.Build.0 = Debug|Any CPU
		{77134930-E845-453E-9AAB-B195B370535B}.Release|Any CPU.ActiveCfg = Release|Any CPU
		{77134930-E845-453E-9AAB-B195B370535B}.Release|Any CPU.Build.0 = Release|Any CPU
	EndGlobalSection
	GlobalSection(SolutionProperties) = preSolution
		HideSolutionNode = FALSE
	EndGlobalSection
	GlobalSection(ExtensibilityGlobals) = postSolution
		SolutionGuid = {1BEBBCAC-2F90-446A-BE9E-3F10B14C5966}
	EndGlobalSection
EndGlobal
